PODS:
  - Cartography (0.5.0)
  - Mixpanel (2.9.9):
    - Mixpanel/Mixpanel (= 2.9.9)
  - Mixpanel/Mixpanel (2.9.9)
  - PeerKit (2.0.0)

DEPENDENCIES:
  - Cartography (from `https://github.com/robb/Cartography.git`)
  - Mixpanel
  - PeerKit (from `https://github.com/jpsim/PeerKit`)

EXTERNAL SOURCES:
  Cartography:
    :git: https://github.com/robb/Cartography.git
  PeerKit:
    :git: https://github.com/jpsim/PeerKit

CHECKOUT OPTIONS:
  Cartography:
    :commit: 114a314ce43ff68255c16a70e4c53824c9ecd539
    :git: https://github.com/robb/Cartography.git
  PeerKit:
    :commit: c700719eca6de8b168b8aa73e918cd33ca9e85c6
    :git: https://github.com/jpsim/PeerKit

SPEC CHECKSUMS:
  Cartography: de3e85d2fc2d7288a2e7c89e1ac6cad08599d75e
  Mixpanel: 818d1940c2d9402453b349545022a86968097f57
  PeerKit: 0454b5708e5fd45a73d9a235716d45626500449b

PODFILE CHECKSUM: 34d3a175c69c9b22ce9d955a24751b519be7a6c9

COCOAPODS: 1.0.0
