PODS:
  - Cartography (0.5.0)
  - Mixpanel (2.8.3):
    - Mixpanel/Mixpanel (= 2.8.3)
  - Mixpanel/Mixpanel (2.8.3)
  - PeerKit (1.1.0)

DEPENDENCIES:
  - Cartography (from `https://github.com/robb/Cartography.git`)
  - Mixpanel
  - PeerKit (from `https://github.com/jpsim/PeerKit`)

EXTERNAL SOURCES:
  Cartography:
    :git: https://github.com/robb/Cartography.git
  PeerKit:
    :git: https://github.com/jpsim/PeerKit

CHECKOUT OPTIONS:
  Cartography:
    :commit: 2882fa4efd6447423882436dd45409e00c5956d9
    :git: https://github.com/robb/Cartography.git
  PeerKit:
    :commit: 80804c5551949e6f6fa6c1a91d7d85ae106509c8
    :git: https://github.com/jpsim/PeerKit

SPEC CHECKSUMS:
  Cartography: 314f5ed1495995760487161eeb7a8a0940d88ad3
  Mixpanel: fd52e097ae0d27295d0595b2261c60b94d191fda
  PeerKit: 7ab365c98a6b72211f280bfd51bae898b1f50f6f

COCOAPODS: 0.39.0.beta.4
