// !$*UTF8*$!
{
	archiveVersion = 1;
	classes = {
	};
	objectVersion = 46;
	objects = {

/* Begin PBXBuildFile section */
		010E36FC17A5859D00FFD257 /* TimeSignatureControl.m in Sources */ = {isa = PBXBuildFile; fileRef = 010E36FB17A5859D00FFD257 /* TimeSignatureControl.m */; };
		0153B3C3179A3638009744C0 /* Settings.m in Sources */ = {isa = PBXBuildFile; fileRef = 0153B3C2179A3638009744C0 /* Settings.m */; };
		01565DD217A0A77E007BDC0A /* Timer.m in Sources */ = {isa = PBXBuildFile; fileRef = 0153B372179A29E7009744C0 /* Timer.m */; };
		0167864517A42F7700F71527 /* BeatsControl.m in Sources */ = {isa = PBXBuildFile; fileRef = 0167864417A42F7700F71527 /* BeatsControl.m */; };
		0167864917A4809F00F71527 /* DeltaTracker.m in Sources */ = {isa = PBXBuildFile; fileRef = 0167864817A4809F00F71527 /* DeltaTracker.m */; };
		0185E0241798484A00C16260 /* SoundPlayer.m in Sources */ = {isa = PBXBuildFile; fileRef = 01B545411798296F00A4F4E0 /* SoundPlayer.m */; };
		019270E617A5B82800C26410 /* AccentsControl.m in Sources */ = {isa = PBXBuildFile; fileRef = 019270E517A5B82800C26410 /* AccentsControl.m */; };
		0192E30517A1895300DE45EC /* LED.m in Sources */ = {isa = PBXBuildFile; fileRef = 0192E30417A1895300DE45EC /* LED.m */; };
		01B54500179828B300A4F4E0 /* Foundation.framework in Frameworks */ = {isa = PBXBuildFile; fileRef = 01B544FF179828B300A4F4E0 /* Foundation.framework */; };
		01B54502179828B300A4F4E0 /* CoreGraphics.framework in Frameworks */ = {isa = PBXBuildFile; fileRef = 01B54501179828B300A4F4E0 /* CoreGraphics.framework */; };
		01B54504179828B300A4F4E0 /* UIKit.framework in Frameworks */ = {isa = PBXBuildFile; fileRef = 01B54503179828B300A4F4E0 /* UIKit.framework */; };
		01B54506179828B300A4F4E0 /* CoreData.framework in Frameworks */ = {isa = PBXBuildFile; fileRef = 01B54505179828B300A4F4E0 /* CoreData.framework */; };
		01B5450C179828B300A4F4E0 /* InfoPlist.strings in Resources */ = {isa = PBXBuildFile; fileRef = 01B5450A179828B300A4F4E0 /* InfoPlist.strings */; };
		01B5450E179828B300A4F4E0 /* main.m in Sources */ = {isa = PBXBuildFile; fileRef = 01B5450D179828B300A4F4E0 /* main.m */; };
		01B54512179828B300A4F4E0 /* AppDelegate.m in Sources */ = {isa = PBXBuildFile; fileRef = 01B54511179828B300A4F4E0 /* AppDelegate.m */; };
		01B54515179828B300A4F4E0 /* Main_iPhone.storyboard in Resources */ = {isa = PBXBuildFile; fileRef = 01B54513179828B300A4F4E0 /* Main_iPhone.storyboard */; };
		01B54518179828B300A4F4E0 /* Main_iPad.storyboard in Resources */ = {isa = PBXBuildFile; fileRef = 01B54516179828B300A4F4E0 /* Main_iPad.storyboard */; };
		01B5451B179828B300A4F4E0 /* Ticker.xcdatamodeld in Sources */ = {isa = PBXBuildFile; fileRef = 01B54519179828B300A4F4E0 /* Ticker.xcdatamodeld */; };
		01B5451E179828B300A4F4E0 /* Metronome.m in Sources */ = {isa = PBXBuildFile; fileRef = 01B5451D179828B300A4F4E0 /* Metronome.m */; };
		01B54523179828B300A4F4E0 /* Images.xcassets in Resources */ = {isa = PBXBuildFile; fileRef = 01B54522179828B300A4F4E0 /* Images.xcassets */; };
		01B5452A179828B400A4F4E0 /* XCTest.framework in Frameworks */ = {isa = PBXBuildFile; fileRef = 01B54529179828B400A4F4E0 /* XCTest.framework */; };
		01B5452B179828B400A4F4E0 /* Foundation.framework in Frameworks */ = {isa = PBXBuildFile; fileRef = 01B544FF179828B300A4F4E0 /* Foundation.framework */; };
		01B5452C179828B400A4F4E0 /* UIKit.framework in Frameworks */ = {isa = PBXBuildFile; fileRef = 01B54503179828B300A4F4E0 /* UIKit.framework */; };
		01B5452D179828B400A4F4E0 /* CoreData.framework in Frameworks */ = {isa = PBXBuildFile; fileRef = 01B54505179828B300A4F4E0 /* CoreData.framework */; };
		01B54535179828B400A4F4E0 /* InfoPlist.strings in Resources */ = {isa = PBXBuildFile; fileRef = 01B54533179828B400A4F4E0 /* InfoPlist.strings */; };
		01B54537179828B400A4F4E0 /* TickerTests.m in Sources */ = {isa = PBXBuildFile; fileRef = 01B54536179828B400A4F4E0 /* TickerTests.m */; };
		01B54545179830DC00A4F4E0 /* tock.caf in Resources */ = {isa = PBXBuildFile; fileRef = 01B5454417982F8000A4F4E0 /* tock.caf */; };
		01B54546179830DE00A4F4E0 /* tick.caf in Resources */ = {isa = PBXBuildFile; fileRef = 01B5454317982F8000A4F4E0 /* tick.caf */; };
/* End PBXBuildFile section */

/* Begin PBXContainerItemProxy section */
		01B5452E179828B400A4F4E0 /* PBXContainerItemProxy */ = {
			isa = PBXContainerItemProxy;
			containerPortal = 01B544F4179828B300A4F4E0 /* Project object */;
			proxyType = 1;
			remoteGlobalIDString = 01B544FB179828B300A4F4E0;
			remoteInfo = Ticker;
		};
/* End PBXContainerItemProxy section */

/* Begin PBXFileReference section */
		010E36FA17A5859D00FFD257 /* TimeSignatureControl.h */ = {isa = PBXFileReference; fileEncoding = 4; lastKnownFileType = sourcecode.c.h; path = TimeSignatureControl.h; sourceTree = "<group>"; };
		010E36FB17A5859D00FFD257 /* TimeSignatureControl.m */ = {isa = PBXFileReference; fileEncoding = 4; lastKnownFileType = sourcecode.c.objc; path = TimeSignatureControl.m; sourceTree = "<group>"; };
		0153B371179A29E7009744C0 /* Timer.h */ = {isa = PBXFileReference; fileEncoding = 4; lastKnownFileType = sourcecode.c.h; path = Timer.h; sourceTree = "<group>"; };
		0153B372179A29E7009744C0 /* Timer.m */ = {isa = PBXFileReference; fileEncoding = 4; lastKnownFileType = sourcecode.c.objc; path = Timer.m; sourceTree = "<group>"; };
		0153B3C1179A3638009744C0 /* Settings.h */ = {isa = PBXFileReference; fileEncoding = 4; lastKnownFileType = sourcecode.c.h; path = Settings.h; sourceTree = "<group>"; };
		0153B3C2179A3638009744C0 /* Settings.m */ = {isa = PBXFileReference; fileEncoding = 4; lastKnownFileType = sourcecode.c.objc; path = Settings.m; sourceTree = "<group>"; };
		0167864317A42F7700F71527 /* BeatsControl.h */ = {isa = PBXFileReference; fileEncoding = 4; lastKnownFileType = sourcecode.c.h; path = BeatsControl.h; sourceTree = "<group>"; };
		0167864417A42F7700F71527 /* BeatsControl.m */ = {isa = PBXFileReference; fileEncoding = 4; lastKnownFileType = sourcecode.c.objc; path = BeatsControl.m; sourceTree = "<group>"; };
		0167864717A4809F00F71527 /* DeltaTracker.h */ = {isa = PBXFileReference; fileEncoding = 4; lastKnownFileType = sourcecode.c.h; path = DeltaTracker.h; sourceTree = "<group>"; };
		0167864817A4809F00F71527 /* DeltaTracker.m */ = {isa = PBXFileReference; fileEncoding = 4; lastKnownFileType = sourcecode.c.objc; path = DeltaTracker.m; sourceTree = "<group>"; };
		019270E417A5B82800C26410 /* AccentsControl.h */ = {isa = PBXFileReference; fileEncoding = 4; lastKnownFileType = sourcecode.c.h; path = AccentsControl.h; sourceTree = "<group>"; };
		019270E517A5B82800C26410 /* AccentsControl.m */ = {isa = PBXFileReference; fileEncoding = 4; lastKnownFileType = sourcecode.c.objc; path = AccentsControl.m; sourceTree = "<group>"; };
		0192E30317A1895300DE45EC /* LED.h */ = {isa = PBXFileReference; fileEncoding = 4; lastKnownFileType = sourcecode.c.h; path = LED.h; sourceTree = "<group>"; };
		0192E30417A1895300DE45EC /* LED.m */ = {isa = PBXFileReference; fileEncoding = 4; lastKnownFileType = sourcecode.c.objc; path = LED.m; sourceTree = "<group>"; };
		01B544FC179828B300A4F4E0 /* Ticker.app */ = {isa = PBXFileReference; explicitFileType = wrapper.application; includeInIndex = 0; path = Ticker.app; sourceTree = BUILT_PRODUCTS_DIR; };
		01B544FF179828B300A4F4E0 /* Foundation.framework */ = {isa = PBXFileReference; lastKnownFileType = wrapper.framework; name = Foundation.framework; path = System/Library/Frameworks/Foundation.framework; sourceTree = SDKROOT; };
		01B54501179828B300A4F4E0 /* CoreGraphics.framework */ = {isa = PBXFileReference; lastKnownFileType = wrapper.framework; name = CoreGraphics.framework; path = System/Library/Frameworks/CoreGraphics.framework; sourceTree = SDKROOT; };
		01B54503179828B300A4F4E0 /* UIKit.framework */ = {isa = PBXFileReference; lastKnownFileType = wrapper.framework; name = UIKit.framework; path = System/Library/Frameworks/UIKit.framework; sourceTree = SDKROOT; };
		01B54505179828B300A4F4E0 /* CoreData.framework */ = {isa = PBXFileReference; lastKnownFileType = wrapper.framework; name = CoreData.framework; path = System/Library/Frameworks/CoreData.framework; sourceTree = SDKROOT; };
		01B54509179828B300A4F4E0 /* Ticker-Info.plist */ = {isa = PBXFileReference; lastKnownFileType = text.plist.xml; path = "Ticker-Info.plist"; sourceTree = "<group>"; };
		01B5450B179828B300A4F4E0 /* en */ = {isa = PBXFileReference; lastKnownFileType = text.plist.strings; name = en; path = en.lproj/InfoPlist.strings; sourceTree = "<group>"; };
		01B5450D179828B300A4F4E0 /* main.m */ = {isa = PBXFileReference; lastKnownFileType = sourcecode.c.objc; path = main.m; sourceTree = "<group>"; };
		01B5450F179828B300A4F4E0 /* Ticker-Prefix.pch */ = {isa = PBXFileReference; lastKnownFileType = sourcecode.c.h; path = "Ticker-Prefix.pch"; sourceTree = "<group>"; };
		01B54510179828B300A4F4E0 /* AppDelegate.h */ = {isa = PBXFileReference; lastKnownFileType = sourcecode.c.h; path = AppDelegate.h; sourceTree = "<group>"; };
		01B54511179828B300A4F4E0 /* AppDelegate.m */ = {isa = PBXFileReference; lastKnownFileType = sourcecode.c.objc; path = AppDelegate.m; sourceTree = "<group>"; };
		01B54514179828B300A4F4E0 /* Base */ = {isa = PBXFileReference; lastKnownFileType = file.storyboard; name = Base; path = Base.lproj/Main_iPhone.storyboard; sourceTree = "<group>"; };
		01B54517179828B300A4F4E0 /* Base */ = {isa = PBXFileReference; lastKnownFileType = file.storyboard; name = Base; path = Base.lproj/Main_iPad.storyboard; sourceTree = "<group>"; };
		01B5451A179828B300A4F4E0 /* Ticker.xcdatamodel */ = {isa = PBXFileReference; lastKnownFileType = wrapper.xcdatamodel; path = Ticker.xcdatamodel; sourceTree = "<group>"; };
		01B5451C179828B300A4F4E0 /* Metronome.h */ = {isa = PBXFileReference; lastKnownFileType = sourcecode.c.h; path = Metronome.h; sourceTree = "<group>"; };
		01B5451D179828B300A4F4E0 /* Metronome.m */ = {isa = PBXFileReference; lastKnownFileType = sourcecode.c.objc; path = Metronome.m; sourceTree = "<group>"; };
		01B54522179828B300A4F4E0 /* Images.xcassets */ = {isa = PBXFileReference; lastKnownFileType = folder.assetcatalog; path = Images.xcassets; sourceTree = "<group>"; };
		01B54528179828B400A4F4E0 /* TickerTests.xctest */ = {isa = PBXFileReference; explicitFileType = wrapper.cfbundle; includeInIndex = 0; path = TickerTests.xctest; sourceTree = BUILT_PRODUCTS_DIR; };
		01B54529179828B400A4F4E0 /* XCTest.framework */ = {isa = PBXFileReference; lastKnownFileType = wrapper.framework; name = XCTest.framework; path = Library/Frameworks/XCTest.framework; sourceTree = DEVELOPER_DIR; };
		01B54532179828B400A4F4E0 /* TickerTests-Info.plist */ = {isa = PBXFileReference; lastKnownFileType = text.plist.xml; path = "TickerTests-Info.plist"; sourceTree = "<group>"; };
		01B54534179828B400A4F4E0 /* en */ = {isa = PBXFileReference; lastKnownFileType = text.plist.strings; name = en; path = en.lproj/InfoPlist.strings; sourceTree = "<group>"; };
		01B54536179828B400A4F4E0 /* TickerTests.m */ = {isa = PBXFileReference; lastKnownFileType = sourcecode.c.objc; path = TickerTests.m; sourceTree = "<group>"; };
		01B545401798296F00A4F4E0 /* SoundPlayer.h */ = {isa = PBXFileReference; fileEncoding = 4; lastKnownFileType = sourcecode.c.h; path = SoundPlayer.h; sourceTree = "<group>"; };
		01B545411798296F00A4F4E0 /* SoundPlayer.m */ = {isa = PBXFileReference; fileEncoding = 4; lastKnownFileType = sourcecode.c.objc; path = SoundPlayer.m; sourceTree = "<group>"; };
		01B5454317982F8000A4F4E0 /* tick.caf */ = {isa = PBXFileReference; lastKnownFileType = file; name = tick.caf; path = Sounds/tick.caf; sourceTree = "<group>"; };
		01B5454417982F8000A4F4E0 /* tock.caf */ = {isa = PBXFileReference; lastKnownFileType = file; name = tock.caf; path = Sounds/tock.caf; sourceTree = "<group>"; };
/* End PBXFileReference section */

/* Begin PBXFrameworksBuildPhase section */
		01B544F9179828B300A4F4E0 /* Frameworks */ = {
			isa = PBXFrameworksBuildPhase;
			buildActionMask = 2147483647;
			files = (
				01B54502179828B300A4F4E0 /* CoreGraphics.framework in Frameworks */,
				01B54506179828B300A4F4E0 /* CoreData.framework in Frameworks */,
				01B54504179828B300A4F4E0 /* UIKit.framework in Frameworks */,
				01B54500179828B300A4F4E0 /* Foundation.framework in Frameworks */,
			);
			runOnlyForDeploymentPostprocessing = 0;
		};
		01B54525179828B400A4F4E0 /* Frameworks */ = {
			isa = PBXFrameworksBuildPhase;
			buildActionMask = 2147483647;
			files = (
				01B5452A179828B400A4F4E0 /* XCTest.framework in Frameworks */,
				01B5452D179828B400A4F4E0 /* CoreData.framework in Frameworks */,
				01B5452C179828B400A4F4E0 /* UIKit.framework in Frameworks */,
				01B5452B179828B400A4F4E0 /* Foundation.framework in Frameworks */,
			);
			runOnlyForDeploymentPostprocessing = 0;
		};
/* End PBXFrameworksBuildPhase section */

/* Begin PBXGroup section */
		0167864617A439C100F71527 /* Sounds */ = {
			isa = PBXGroup;
			children = (
				01B5454317982F8000A4F4E0 /* tick.caf */,
				01B5454417982F8000A4F4E0 /* tock.caf */,
			);
			name = Sounds;
			sourceTree = "<group>";
		};
		019270E717A5B83600C26410 /* Controls */ = {
			isa = PBXGroup;
			children = (
				010E36FA17A5859D00FFD257 /* TimeSignatureControl.h */,
				010E36FB17A5859D00FFD257 /* TimeSignatureControl.m */,
				0167864317A42F7700F71527 /* BeatsControl.h */,
				0167864417A42F7700F71527 /* BeatsControl.m */,
				019270E417A5B82800C26410 /* AccentsControl.h */,
				019270E517A5B82800C26410 /* AccentsControl.m */,
			);
			name = Controls;
			sourceTree = "<group>";
		};
		019270E817A5B85600C26410 /* Helpers */ = {
			isa = PBXGroup;
			children = (
				0167864717A4809F00F71527 /* DeltaTracker.h */,
				0167864817A4809F00F71527 /* DeltaTracker.m */,
				0153B371179A29E7009744C0 /* Timer.h */,
				0153B372179A29E7009744C0 /* Timer.m */,
				0192E30317A1895300DE45EC /* LED.h */,
				0192E30417A1895300DE45EC /* LED.m */,
				01B545401798296F00A4F4E0 /* SoundPlayer.h */,
				01B545411798296F00A4F4E0 /* SoundPlayer.m */,
			);
			name = Helpers;
			sourceTree = "<group>";
		};
		01B544F3179828B300A4F4E0 = {
			isa = PBXGroup;
			children = (
				01B54507179828B300A4F4E0 /* Ticker */,
				01B54530179828B400A4F4E0 /* TickerTests */,
				01B544FE179828B300A4F4E0 /* Frameworks */,
				01B544FD179828B300A4F4E0 /* Products */,
			);
			sourceTree = "<group>";
		};
		01B544FD179828B300A4F4E0 /* Products */ = {
			isa = PBXGroup;
			children = (
				01B544FC179828B300A4F4E0 /* Ticker.app */,
				01B54528179828B400A4F4E0 /* TickerTests.xctest */,
			);
			name = Products;
			sourceTree = "<group>";
		};
		01B544FE179828B300A4F4E0 /* Frameworks */ = {
			isa = PBXGroup;
			children = (
				01B544FF179828B300A4F4E0 /* Foundation.framework */,
				01B54501179828B300A4F4E0 /* CoreGraphics.framework */,
				01B54503179828B300A4F4E0 /* UIKit.framework */,
				01B54505179828B300A4F4E0 /* CoreData.framework */,
				01B54529179828B400A4F4E0 /* XCTest.framework */,
			);
			name = Frameworks;
			sourceTree = "<group>";
		};
		01B54507179828B300A4F4E0 /* Ticker */ = {
			isa = PBXGroup;
			children = (
				01B54510179828B300A4F4E0 /* AppDelegate.h */,
				01B54511179828B300A4F4E0 /* AppDelegate.m */,
				01B54513179828B300A4F4E0 /* Main_iPhone.storyboard */,
				01B54516179828B300A4F4E0 /* Main_iPad.storyboard */,
				01B5451C179828B300A4F4E0 /* Metronome.h */,
				01B5451D179828B300A4F4E0 /* Metronome.m */,
				0153B3C1179A3638009744C0 /* Settings.h */,
				0153B3C2179A3638009744C0 /* Settings.m */,
				019270E817A5B85600C26410 /* Helpers */,
				019270E717A5B83600C26410 /* Controls */,
				01B54522179828B300A4F4E0 /* Images.xcassets */,
				01B54519179828B300A4F4E0 /* Ticker.xcdatamodeld */,
				01B54508179828B300A4F4E0 /* Supporting Files */,
			);
			path = Ticker;
			sourceTree = "<group>";
		};
		01B54508179828B300A4F4E0 /* Supporting Files */ = {
			isa = PBXGroup;
			children = (
				0167864617A439C100F71527 /* Sounds */,
				01B54509179828B300A4F4E0 /* Ticker-Info.plist */,
				01B5450A179828B300A4F4E0 /* InfoPlist.strings */,
				01B5450D179828B300A4F4E0 /* main.m */,
				01B5450F179828B300A4F4E0 /* Ticker-Prefix.pch */,
			);
			name = "Supporting Files";
			sourceTree = "<group>";
		};
		01B54530179828B400A4F4E0 /* TickerTests */ = {
			isa = PBXGroup;
			children = (
				01B54536179828B400A4F4E0 /* TickerTests.m */,
				01B54531179828B400A4F4E0 /* Supporting Files */,
			);
			path = TickerTests;
			sourceTree = "<group>";
		};
		01B54531179828B400A4F4E0 /* Supporting Files */ = {
			isa = PBXGroup;
			children = (
				01B54532179828B400A4F4E0 /* TickerTests-Info.plist */,
				01B54533179828B400A4F4E0 /* InfoPlist.strings */,
			);
			name = "Supporting Files";
			sourceTree = "<group>";
		};
/* End PBXGroup section */

/* Begin PBXNativeTarget section */
		01B544FB179828B300A4F4E0 /* Ticker */ = {
			isa = PBXNativeTarget;
			buildConfigurationList = 01B5453A179828B400A4F4E0 /* Build configuration list for PBXNativeTarget "Ticker" */;
			buildPhases = (
				01B544F8179828B300A4F4E0 /* Sources */,
				01B544F9179828B300A4F4E0 /* Frameworks */,
				01B544FA179828B300A4F4E0 /* Resources */,
				0192E30617A1A9E100DE45EC /* ShellScript */,
			);
			buildRules = (
			);
			dependencies = (
			);
			name = Ticker;
			productName = Ticker;
			productReference = 01B544FC179828B300A4F4E0 /* Ticker.app */;
			productType = "com.apple.product-type.application";
		};
		01B54527179828B400A4F4E0 /* TickerTests */ = {
			isa = PBXNativeTarget;
			buildConfigurationList = 01B5453D179828B400A4F4E0 /* Build configuration list for PBXNativeTarget "TickerTests" */;
			buildPhases = (
				01B54524179828B400A4F4E0 /* Sources */,
				01B54525179828B400A4F4E0 /* Frameworks */,
				01B54526179828B400A4F4E0 /* Resources */,
			);
			buildRules = (
			);
			dependencies = (
				01B5452F179828B400A4F4E0 /* PBXTargetDependency */,
			);
			name = TickerTests;
			productName = TickerTests;
			productReference = 01B54528179828B400A4F4E0 /* TickerTests.xctest */;
			productType = "com.apple.product-type.bundle.unit-test";
		};
/* End PBXNativeTarget section */

/* Begin PBXProject section */
		01B544F4179828B300A4F4E0 /* Project object */ = {
			isa = PBXProject;
			attributes = {
				LastUpgradeCheck = 0500;
				ORGANIZATIONNAME = "Nick Walker";
				TargetAttributes = {
					01B54527179828B400A4F4E0 = {
						TestTargetID = 01B544FB179828B300A4F4E0;
					};
				};
			};
			buildConfigurationList = 01B544F7179828B300A4F4E0 /* Build configuration list for PBXProject "Ticker" */;
			compatibilityVersion = "Xcode 3.2";
			developmentRegion = English;
			hasScannedForEncodings = 0;
			knownRegions = (
				en,
				Base,
			);
			mainGroup = 01B544F3179828B300A4F4E0;
			productRefGroup = 01B544FD179828B300A4F4E0 /* Products */;
			projectDirPath = "";
			projectRoot = "";
			targets = (
				01B544FB179828B300A4F4E0 /* Ticker */,
				01B54527179828B400A4F4E0 /* TickerTests */,
			);
		};
/* End PBXProject section */

/* Begin PBXResourcesBuildPhase section */
		01B544FA179828B300A4F4E0 /* Resources */ = {
			isa = PBXResourcesBuildPhase;
			buildActionMask = 2147483647;
			files = (
				01B54518179828B300A4F4E0 /* Main_iPad.storyboard in Resources */,
				01B54523179828B300A4F4E0 /* Images.xcassets in Resources */,
				01B54515179828B300A4F4E0 /* Main_iPhone.storyboard in Resources */,
				01B54546179830DE00A4F4E0 /* tick.caf in Resources */,
				01B54545179830DC00A4F4E0 /* tock.caf in Resources */,
				01B5450C179828B300A4F4E0 /* InfoPlist.strings in Resources */,
			);
			runOnlyForDeploymentPostprocessing = 0;
		};
		01B54526179828B400A4F4E0 /* Resources */ = {
			isa = PBXResourcesBuildPhase;
			buildActionMask = 2147483647;
			files = (
				01B54535179828B400A4F4E0 /* InfoPlist.strings in Resources */,
			);
			runOnlyForDeploymentPostprocessing = 0;
		};
/* End PBXResourcesBuildPhase section */

/* Begin PBXShellScriptBuildPhase section */
		0192E30617A1A9E100DE45EC /* ShellScript */ = {
			isa = PBXShellScriptBuildPhase;
			buildActionMask = 2147483647;
			files = (
			);
			inputPaths = (
			);
			outputPaths = (
			);
			runOnlyForDeploymentPostprocessing = 0;
			shellPath = /bin/sh;
			shellScript = "";
		};
/* End PBXShellScriptBuildPhase section */

/* Begin PBXSourcesBuildPhase section */
		01B544F8179828B300A4F4E0 /* Sources */ = {
			isa = PBXSourcesBuildPhase;
			buildActionMask = 2147483647;
			files = (
				0192E30517A1895300DE45EC /* LED.m in Sources */,
				0167864517A42F7700F71527 /* BeatsControl.m in Sources */,
				01B54512179828B300A4F4E0 /* AppDelegate.m in Sources */,
				01B5451B179828B300A4F4E0 /* Ticker.xcdatamodeld in Sources */,
				010E36FC17A5859D00FFD257 /* TimeSignatureControl.m in Sources */,
				01B5450E179828B300A4F4E0 /* main.m in Sources */,
				0185E0241798484A00C16260 /* SoundPlayer.m in Sources */,
				0153B3C3179A3638009744C0 /* Settings.m in Sources */,
				0167864917A4809F00F71527 /* DeltaTracker.m in Sources */,
				019270E617A5B82800C26410 /* AccentsControl.m in Sources */,
				01B5451E179828B300A4F4E0 /* Metronome.m in Sources */,
				01565DD217A0A77E007BDC0A /* Timer.m in Sources */,
			);
			runOnlyForDeploymentPostprocessing = 0;
		};
		01B54524179828B400A4F4E0 /* Sources */ = {
			isa = PBXSourcesBuildPhase;
			buildActionMask = 2147483647;
			files = (
				01B54537179828B400A4F4E0 /* TickerTests.m in Sources */,
			);
			runOnlyForDeploymentPostprocessing = 0;
		};
/* End PBXSourcesBuildPhase section */

/* Begin PBXTargetDependency section */
		01B5452F179828B400A4F4E0 /* PBXTargetDependency */ = {
			isa = PBXTargetDependency;
			target = 01B544FB179828B300A4F4E0 /* Ticker */;
			targetProxy = 01B5452E179828B400A4F4E0 /* PBXContainerItemProxy */;
		};
/* End PBXTargetDependency section */

/* Begin PBXVariantGroup section */
		01B5450A179828B300A4F4E0 /* InfoPlist.strings */ = {
			isa = PBXVariantGroup;
			children = (
				01B5450B179828B300A4F4E0 /* en */,
			);
			name = InfoPlist.strings;
			sourceTree = "<group>";
		};
		01B54513179828B300A4F4E0 /* Main_iPhone.storyboard */ = {
			isa = PBXVariantGroup;
			children = (
				01B54514179828B300A4F4E0 /* Base */,
			);
			name = Main_iPhone.storyboard;
			sourceTree = "<group>";
		};
		01B54516179828B300A4F4E0 /* Main_iPad.storyboard */ = {
			isa = PBXVariantGroup;
			children = (
				01B54517179828B300A4F4E0 /* Base */,
			);
			name = Main_iPad.storyboard;
			sourceTree = "<group>";
		};
		01B54533179828B400A4F4E0 /* InfoPlist.strings */ = {
			isa = PBXVariantGroup;
			children = (
				01B54534179828B400A4F4E0 /* en */,
			);
			name = InfoPlist.strings;
			sourceTree = "<group>";
		};
/* End PBXVariantGroup section */

/* Begin XCBuildConfiguration section */
		01B54538179828B400A4F4E0 /* Debug */ = {
			isa = XCBuildConfiguration;
			buildSettings = {
				ALWAYS_SEARCH_USER_PATHS = NO;
				CLANG_CXX_LANGUAGE_STANDARD = "gnu++0x";
				CLANG_CXX_LIBRARY = "libc++";
				CLANG_ENABLE_MODULES = YES;
				CLANG_ENABLE_OBJC_ARC = YES;
				CLANG_WARN_BOOL_CONVERSION = YES;
				CLANG_WARN_CONSTANT_CONVERSION = YES;
				CLANG_WARN_DIRECT_OBJC_ISA_USAGE = YES_ERROR;
				CLANG_WARN_EMPTY_BODY = YES;
				CLANG_WARN_ENUM_CONVERSION = YES;
				CLANG_WARN_INT_CONVERSION = YES;
				CLANG_WARN_OBJC_ROOT_CLASS = YES_ERROR;
				CLANG_WARN__DUPLICATE_METHOD_MATCH = YES;
				"CODE_SIGN_IDENTITY[sdk=iphoneos*]" = "iPhone Developer";
				COPY_PHASE_STRIP = NO;
				GCC_C_LANGUAGE_STANDARD = gnu99;
				GCC_DYNAMIC_NO_PIC = NO;
				GCC_OPTIMIZATION_LEVEL = 0;
				GCC_PREPROCESSOR_DEFINITIONS = (
					"DEBUG=1",
					"$(inherited)",
				);
				GCC_SYMBOLS_PRIVATE_EXTERN = NO;
				GCC_WARN_ABOUT_RETURN_TYPE = YES_ERROR;
				GCC_WARN_UNDECLARED_SELECTOR = YES;
				GCC_WARN_UNINITIALIZED_AUTOS = YES;
				GCC_WARN_UNUSED_FUNCTION = YES;
				GCC_WARN_UNUSED_VARIABLE = YES;
				IPHONEOS_DEPLOYMENT_TARGET = 7.0;
				ONLY_ACTIVE_ARCH = YES;
				SDKROOT = iphoneos;
				TARGETED_DEVICE_FAMILY = "1,2";
			};
			name = Debug;
		};
		01B54539179828B400A4F4E0 /* Release */ = {
			isa = XCBuildConfiguration;
			buildSettings = {
				ALWAYS_SEARCH_USER_PATHS = NO;
				CLANG_CXX_LANGUAGE_STANDARD = "gnu++0x";
				CLANG_CXX_LIBRARY = "libc++";
				CLANG_ENABLE_MODULES = YES;
				CLANG_ENABLE_OBJC_ARC = YES;
				CLANG_WARN_BOOL_CONVERSION = YES;
				CLANG_WARN_CONSTANT_CONVERSION = YES;
				CLANG_WARN_DIRECT_OBJC_ISA_USAGE = YES_ERROR;
				CLANG_WARN_EMPTY_BODY = YES;
				CLANG_WARN_ENUM_CONVERSION = YES;
				CLANG_WARN_INT_CONVERSION = YES;
				CLANG_WARN_OBJC_ROOT_CLASS = YES_ERROR;
				CLANG_WARN__DUPLICATE_METHOD_MATCH = YES;
				"CODE_SIGN_IDENTITY[sdk=iphoneos*]" = "iPhone Developer";
				COPY_PHASE_STRIP = YES;
				ENABLE_NS_ASSERTIONS = NO;
				GCC_C_LANGUAGE_STANDARD = gnu99;
				GCC_WARN_ABOUT_RETURN_TYPE = YES_ERROR;
				GCC_WARN_UNDECLARED_SELECTOR = YES;
				GCC_WARN_UNINITIALIZED_AUTOS = YES;
				GCC_WARN_UNUSED_FUNCTION = YES;
				GCC_WARN_UNUSED_VARIABLE = YES;
				IPHONEOS_DEPLOYMENT_TARGET = 7.0;
				SDKROOT = iphoneos;
				TARGETED_DEVICE_FAMILY = "1,2";
				VALIDATE_PRODUCT = YES;
			};
			name = Release;
		};
		01B5453B179828B400A4F4E0 /* Debug */ = {
			isa = XCBuildConfiguration;
			buildSettings = {
				ASSETCATALOG_COMPILER_APPICON_NAME = AppIcon;
				ASSETCATALOG_COMPILER_LAUNCHIMAGE_NAME = LaunchImage;
				GCC_PRECOMPILE_PREFIX_HEADER = YES;
				GCC_PREFIX_HEADER = "Ticker/Ticker-Prefix.pch";
				INFOPLIST_FILE = "Ticker/Ticker-Info.plist";
				PRODUCT_NAME = "$(TARGET_NAME)";
				WRAPPER_EXTENSION = app;
			};
			name = Debug;
		};
		01B5453C179828B400A4F4E0 /* Release */ = {
			isa = XCBuildConfiguration;
			buildSettings = {
				ASSETCATALOG_COMPILER_APPICON_NAME = AppIcon;
				ASSETCATALOG_COMPILER_LAUNCHIMAGE_NAME = LaunchImage;
				GCC_PRECOMPILE_PREFIX_HEADER = YES;
				GCC_PREFIX_HEADER = "Ticker/Ticker-Prefix.pch";
				INFOPLIST_FILE = "Ticker/Ticker-Info.plist";
				PRODUCT_NAME = "$(TARGET_NAME)";
				WRAPPER_EXTENSION = app;
			};
			name = Release;
		};
		01B5453E179828B400A4F4E0 /* Debug */ = {
			isa = XCBuildConfiguration;
			buildSettings = {
				BUNDLE_LOADER = "$(BUILT_PRODUCTS_DIR)/Ticker.app/Ticker";
				FRAMEWORK_SEARCH_PATHS = (
					"$(SDKROOT)/Developer/Library/Frameworks",
					"$(inherited)",
					"$(SYSTEM_APPS_DIR)/Xcode5-DP2.app/Contents/Developer/Library/Frameworks",
				);
				GCC_PRECOMPILE_PREFIX_HEADER = YES;
				GCC_PREFIX_HEADER = "Ticker/Ticker-Prefix.pch";
				GCC_PREPROCESSOR_DEFINITIONS = (
					"DEBUG=1",
					"$(inherited)",
				);
				INFOPLIST_FILE = "TickerTests/TickerTests-Info.plist";
				PRODUCT_NAME = "$(TARGET_NAME)";
				TEST_HOST = "$(BUNDLE_LOADER)";
				WRAPPER_EXTENSION = xctest;
			};
			name = Debug;
		};
		01B5453F179828B400A4F4E0 /* Release */ = {
			isa = XCBuildConfiguration;
			buildSettings = {
				BUNDLE_LOADER = "$(BUILT_PRODUCTS_DIR)/Ticker.app/Ticker";
				FRAMEWORK_SEARCH_PATHS = (
					"$(SDKROOT)/Developer/Library/Frameworks",
					"$(inherited)",
					"$(SYSTEM_APPS_DIR)/Xcode5-DP2.app/Contents/Developer/Library/Frameworks",
				);
				GCC_PRECOMPILE_PREFIX_HEADER = YES;
				GCC_PREFIX_HEADER = "Ticker/Ticker-Prefix.pch";
				INFOPLIST_FILE = "TickerTests/TickerTests-Info.plist";
				PRODUCT_NAME = "$(TARGET_NAME)";
				TEST_HOST = "$(BUNDLE_LOADER)";
				WRAPPER_EXTENSION = xctest;
			};
			name = Release;
		};
/* End XCBuildConfiguration section */

/* Begin XCConfigurationList section */
		01B544F7179828B300A4F4E0 /* Build configuration list for PBXProject "Ticker" */ = {
			isa = XCConfigurationList;
			buildConfigurations = (
				01B54538179828B400A4F4E0 /* Debug */,
				01B54539179828B400A4F4E0 /* Release */,
			);
			defaultConfigurationIsVisible = 0;
			defaultConfigurationName = Release;
		};
		01B5453A179828B400A4F4E0 /* Build configuration list for PBXNativeTarget "Ticker" */ = {
			isa = XCConfigurationList;
			buildConfigurations = (
				01B5453B179828B400A4F4E0 /* Debug */,
				01B5453C179828B400A4F4E0 /* Release */,
			);
			defaultConfigurationIsVisible = 0;
			defaultConfigurationName = Release;
		};
		01B5453D179828B400A4F4E0 /* Build configuration list for PBXNativeTarget "TickerTests" */ = {
			isa = XCConfigurationList;
			buildConfigurations = (
				01B5453E179828B400A4F4E0 /* Debug */,
				01B5453F179828B400A4F4E0 /* Release */,
			);
			defaultConfigurationIsVisible = 0;
			defaultConfigurationName = Release;
		};
/* End XCConfigurationList section */

/* Begin XCVersionGroup section */
		01B54519179828B300A4F4E0 /* Ticker.xcdatamodeld */ = {
			isa = XCVersionGroup;
			children = (
				01B5451A179828B300A4F4E0 /* Ticker.xcdatamodel */,
			);
			currentVersion = 01B5451A179828B300A4F4E0 /* Ticker.xcdatamodel */;
			path = Ticker.xcdatamodeld;
			sourceTree = "<group>";
			versionGroupType = wrapper.xcdatamodel;
		};
/* End XCVersionGroup section */
	};
	rootObject = 01B544F4179828B300A4F4E0 /* Project object */;
}
