// !$*UTF8*$!
{
	archiveVersion = 1;
	classes = {
	};
	objectVersion = 46;
	objects = {

/* Begin PBXBuildFile section */
		014C3C241932A87D0095AB67 /* iPhone.storyboard in Resources */ = {isa = PBXBuildFile; fileRef = 01B54513179828B300A4F4E0 /* iPhone.storyboard */; };
		014E89D817C3178300B17C47 /* Settings.bundle in Resources */ = {isa = PBXBuildFile; fileRef = 014E89D717C3178300B17C47 /* Settings.bundle */; };
		01B54523179828B300A4F4E0 /* Images.xcassets in Resources */ = {isa = PBXBuildFile; fileRef = 01B54522179828B300A4F4E0 /* Images.xcassets */; };
		D4389AE31986D3AE00F064CA /* MetronomeControl.swift in Sources */ = {isa = PBXBuildFile; fileRef = D44D7BC6196D95EE006DE741 /* MetronomeControl.swift */; };
		D4389AE41986D3B600F064CA /* SlideStepper.swift in Sources */ = {isa = PBXBuildFile; fileRef = D44D7B9F196D9034006DE741 /* SlideStepper.swift */; };
		D439822F19A4FEBA007DFE42 /* accent.wav in Resources */ = {isa = PBXBuildFile; fileRef = D439822519A4FEBA007DFE42 /* accent.wav */; };
		D439823019A4FEBA007DFE42 /* beat.wav in Resources */ = {isa = PBXBuildFile; fileRef = D439822619A4FEBA007DFE42 /* beat.wav */; };
		D439823119A4FEBA007DFE42 /* digitalAccent.wav in Resources */ = {isa = PBXBuildFile; fileRef = D439822719A4FEBA007DFE42 /* digitalAccent.wav */; };
		D439823219A4FEBA007DFE42 /* digitalBeat.wav in Resources */ = {isa = PBXBuildFile; fileRef = D439822819A4FEBA007DFE42 /* digitalBeat.wav */; };
		D439823319A4FEBA007DFE42 /* digitalDivision.wav in Resources */ = {isa = PBXBuildFile; fileRef = D439822919A4FEBA007DFE42 /* digitalDivision.wav */; };
		D439823419A4FEBA007DFE42 /* digitalSubdivision.wav in Resources */ = {isa = PBXBuildFile; fileRef = D439822A19A4FEBA007DFE42 /* digitalSubdivision.wav */; };
		D439823519A4FEBA007DFE42 /* digitalTriplet.wav in Resources */ = {isa = PBXBuildFile; fileRef = D439822B19A4FEBA007DFE42 /* digitalTriplet.wav */; };
		D439823619A4FEBA007DFE42 /* division.wav in Resources */ = {isa = PBXBuildFile; fileRef = D439822C19A4FEBA007DFE42 /* division.wav */; };
		D439823719A4FEBA007DFE42 /* subdivision.wav in Resources */ = {isa = PBXBuildFile; fileRef = D439822D19A4FEBA007DFE42 /* subdivision.wav */; };
		D439823819A4FEBA007DFE42 /* triplet.wav in Resources */ = {isa = PBXBuildFile; fileRef = D439822E19A4FEBA007DFE42 /* triplet.wav */; };
		D45740A119A3D45D00CB1C70 /* MetronomeView.swift in Sources */ = {isa = PBXBuildFile; fileRef = D45740A019A3D45D00CB1C70 /* MetronomeView.swift */; };
		D457545E19859B9B00967641 /* QuickSettingsViewController.swift in Sources */ = {isa = PBXBuildFile; fileRef = D457545D19859B9B00967641 /* QuickSettingsViewController.swift */; };
		D45EDCB71A54D4DC004B7FD4 /* ControlsView.swift in Sources */ = {isa = PBXBuildFile; fileRef = D4A0618F19869CB400ADCCC5 /* ControlsView.swift */; };
		D45EDCB91A55D83B004B7FD4 /* Launch Screen.xib in Resources */ = {isa = PBXBuildFile; fileRef = D45EDCB81A55D83B004B7FD4 /* Launch Screen.xib */; };
		D46DB8F319844F7100A5820B /* MetronomeControl.h in Headers */ = {isa = PBXBuildFile; fileRef = D46DB8F219844F7100A5820B /* MetronomeControl.h */; settings = {ATTRIBUTES = (Public, ); }; };
		D46DB90319844F7100A5820B /* MetronomeControl.framework in Frameworks */ = {isa = PBXBuildFile; fileRef = D46DB8EE19844F7100A5820B /* MetronomeControl.framework */; };
		D46DB90419844F7100A5820B /* MetronomeControl.framework in Embed Frameworks */ = {isa = PBXBuildFile; fileRef = D46DB8EE19844F7100A5820B /* MetronomeControl.framework */; settings = {ATTRIBUTES = (CodeSignOnCopy, ); }; };
		D49B39151986A4DE001D7919 /* ToggleButton.swift in Sources */ = {isa = PBXBuildFile; fileRef = D49B39141986A4DE001D7919 /* ToggleButton.swift */; };
		D4A426C019881E9C00E7C435 /* CommonTimeSignatures.plist in Resources */ = {isa = PBXBuildFile; fileRef = D4A426BF19881E9C00E7C435 /* CommonTimeSignatures.plist */; };
		D4ADD330196EF80A0040DFF3 /* AppDelegate.swift in Sources */ = {isa = PBXBuildFile; fileRef = D4F42E20196C370600BB847F /* AppDelegate.swift */; };
		D4ADD331196EF80A0040DFF3 /* DeltaTracker.swift in Sources */ = {isa = PBXBuildFile; fileRef = D4F42E24196C423800BB847F /* DeltaTracker.swift */; };
		D4ADD332196EF80A0040DFF3 /* Timer.swift in Sources */ = {isa = PBXBuildFile; fileRef = D4F42E28196C838B00BB847F /* Timer.swift */; };
		D4ADD333196EF80A0040DFF3 /* SoundPlayer.swift in Sources */ = {isa = PBXBuildFile; fileRef = D463FCF91968DBE200606FFD /* SoundPlayer.swift */; };
		D4ADD334196EF80A0040DFF3 /* LED.swift in Sources */ = {isa = PBXBuildFile; fileRef = D4ADD32E196EE3E40040DFF3 /* LED.swift */; };
		D4ADD335196EF80A0040DFF3 /* MetronomeViewController.swift in Sources */ = {isa = PBXBuildFile; fileRef = D4F42E22196C414200BB847F /* MetronomeViewController.swift */; };
		D4ADD336196EF80A0040DFF3 /* SettingsViewController.swift in Sources */ = {isa = PBXBuildFile; fileRef = D4D586BC196B422400B9CC8F /* SettingsViewController.swift */; };
		D4AE76D21986901500E513E9 /* QuickSettingsControlsView.xib in Resources */ = {isa = PBXBuildFile; fileRef = D4AE76D11986901500E513E9 /* QuickSettingsControlsView.xib */; };
		D4EBBAE71986D45E00050FBC /* ShardControl.swift in Sources */ = {isa = PBXBuildFile; fileRef = D4EBBAE51986D45E00050FBC /* ShardControl.swift */; };
		D4EBBAE81986D45E00050FBC /* ShardLayer.swift in Sources */ = {isa = PBXBuildFile; fileRef = D4EBBAE61986D45E00050FBC /* ShardLayer.swift */; };
/* End PBXBuildFile section */

/* Begin PBXContainerItemProxy section */
		D46DB90119844F7100A5820B /* PBXContainerItemProxy */ = {
			isa = PBXContainerItemProxy;
			containerPortal = 01B544F4179828B300A4F4E0 /* Project object */;
			proxyType = 1;
			remoteGlobalIDString = D46DB8ED19844F7100A5820B;
			remoteInfo = MetronomeControl;
		};
		D46DB90519844F7100A5820B /* PBXContainerItemProxy */ = {
			isa = PBXContainerItemProxy;
			containerPortal = 01B544F4179828B300A4F4E0 /* Project object */;
			proxyType = 1;
			remoteGlobalIDString = D46DB8ED19844F7100A5820B;
			remoteInfo = MetronomeControl;
		};
/* End PBXContainerItemProxy section */

/* Begin PBXCopyFilesBuildPhase section */
		D44D7BC2196D9589006DE741 /* Embed Frameworks */ = {
			isa = PBXCopyFilesBuildPhase;
			buildActionMask = 2147483647;
			dstPath = "";
			dstSubfolderSpec = 10;
			files = (
				D46DB90419844F7100A5820B /* MetronomeControl.framework in Embed Frameworks */,
			);
			name = "Embed Frameworks";
			runOnlyForDeploymentPostprocessing = 0;
		};
/* End PBXCopyFilesBuildPhase section */

/* Begin PBXFileReference section */
		014E89D717C3178300B17C47 /* Settings.bundle */ = {isa = PBXFileReference; lastKnownFileType = "wrapper.plug-in"; path = Settings.bundle; sourceTree = "<group>"; };
		01B544FC179828B300A4F4E0 /* Pulsar.app */ = {isa = PBXFileReference; explicitFileType = wrapper.application; includeInIndex = 0; path = Pulsar.app; sourceTree = BUILT_PRODUCTS_DIR; };
		01B54509179828B300A4F4E0 /* Pulsar-Info.plist */ = {isa = PBXFileReference; lastKnownFileType = text.plist.xml; path = "Pulsar-Info.plist"; sourceTree = "<group>"; };
		01B5450B179828B300A4F4E0 /* en */ = {isa = PBXFileReference; lastKnownFileType = text.plist.strings; name = en; path = en.lproj/InfoPlist.strings; sourceTree = "<group>"; };
		01B54514179828B300A4F4E0 /* Base */ = {isa = PBXFileReference; lastKnownFileType = file.storyboard; name = Base; path = Base.lproj/iPhone.storyboard; sourceTree = "<group>"; };
		01B54522179828B300A4F4E0 /* Images.xcassets */ = {isa = PBXFileReference; lastKnownFileType = folder.assetcatalog; path = Images.xcassets; sourceTree = "<group>"; };
		D439822519A4FEBA007DFE42 /* accent.wav */ = {isa = PBXFileReference; lastKnownFileType = audio.wav; name = accent.wav; path = Sounds/accent.wav; sourceTree = "<group>"; };
		D439822619A4FEBA007DFE42 /* beat.wav */ = {isa = PBXFileReference; lastKnownFileType = audio.wav; name = beat.wav; path = Sounds/beat.wav; sourceTree = "<group>"; };
		D439822719A4FEBA007DFE42 /* digitalAccent.wav */ = {isa = PBXFileReference; lastKnownFileType = audio.wav; name = digitalAccent.wav; path = Sounds/digitalAccent.wav; sourceTree = "<group>"; };
		D439822819A4FEBA007DFE42 /* digitalBeat.wav */ = {isa = PBXFileReference; lastKnownFileType = audio.wav; name = digitalBeat.wav; path = Sounds/digitalBeat.wav; sourceTree = "<group>"; };
		D439822919A4FEBA007DFE42 /* digitalDivision.wav */ = {isa = PBXFileReference; lastKnownFileType = audio.wav; name = digitalDivision.wav; path = Sounds/digitalDivision.wav; sourceTree = "<group>"; };
		D439822A19A4FEBA007DFE42 /* digitalSubdivision.wav */ = {isa = PBXFileReference; lastKnownFileType = audio.wav; name = digitalSubdivision.wav; path = Sounds/digitalSubdivision.wav; sourceTree = "<group>"; };
		D439822B19A4FEBA007DFE42 /* digitalTriplet.wav */ = {isa = PBXFileReference; lastKnownFileType = audio.wav; name = digitalTriplet.wav; path = Sounds/digitalTriplet.wav; sourceTree = "<group>"; };
		D439822C19A4FEBA007DFE42 /* division.wav */ = {isa = PBXFileReference; lastKnownFileType = audio.wav; name = division.wav; path = Sounds/division.wav; sourceTree = "<group>"; };
		D439822D19A4FEBA007DFE42 /* subdivision.wav */ = {isa = PBXFileReference; lastKnownFileType = audio.wav; name = subdivision.wav; path = Sounds/subdivision.wav; sourceTree = "<group>"; };
		D439822E19A4FEBA007DFE42 /* triplet.wav */ = {isa = PBXFileReference; lastKnownFileType = audio.wav; name = triplet.wav; path = Sounds/triplet.wav; sourceTree = "<group>"; };
		D44D7B9F196D9034006DE741 /* SlideStepper.swift */ = {isa = PBXFileReference; fileEncoding = 4; lastKnownFileType = sourcecode.swift; path = SlideStepper.swift; sourceTree = "<group>"; };
		D44D7BC6196D95EE006DE741 /* MetronomeControl.swift */ = {isa = PBXFileReference; fileEncoding = 4; lastKnownFileType = sourcecode.swift; path = MetronomeControl.swift; sourceTree = "<group>"; };
		D45740A019A3D45D00CB1C70 /* MetronomeView.swift */ = {isa = PBXFileReference; fileEncoding = 4; lastKnownFileType = sourcecode.swift; path = MetronomeView.swift; sourceTree = "<group>"; };
		D457545D19859B9B00967641 /* QuickSettingsViewController.swift */ = {isa = PBXFileReference; fileEncoding = 4; lastKnownFileType = sourcecode.swift; path = QuickSettingsViewController.swift; sourceTree = "<group>"; };
		D45EDCB81A55D83B004B7FD4 /* Launch Screen.xib */ = {isa = PBXFileReference; fileEncoding = 4; lastKnownFileType = file.xib; path = "Launch Screen.xib"; sourceTree = "<group>"; };
		D463FCF91968DBE200606FFD /* SoundPlayer.swift */ = {isa = PBXFileReference; fileEncoding = 4; lastKnownFileType = sourcecode.swift; path = SoundPlayer.swift; sourceTree = "<group>"; };
		D46DB8EE19844F7100A5820B /* MetronomeControl.framework */ = {isa = PBXFileReference; explicitFileType = wrapper.framework; includeInIndex = 0; path = MetronomeControl.framework; sourceTree = BUILT_PRODUCTS_DIR; };
		D46DB8F119844F7100A5820B /* Info.plist */ = {isa = PBXFileReference; lastKnownFileType = text.plist.xml; path = Info.plist; sourceTree = "<group>"; };
		D46DB8F219844F7100A5820B /* MetronomeControl.h */ = {isa = PBXFileReference; lastKnownFileType = sourcecode.c.h; path = MetronomeControl.h; sourceTree = "<group>"; };
		D49B39141986A4DE001D7919 /* ToggleButton.swift */ = {isa = PBXFileReference; fileEncoding = 4; lastKnownFileType = sourcecode.swift; path = ToggleButton.swift; sourceTree = "<group>"; };
		D4A0618F19869CB400ADCCC5 /* ControlsView.swift */ = {isa = PBXFileReference; fileEncoding = 4; lastKnownFileType = sourcecode.swift; path = ControlsView.swift; sourceTree = "<group>"; };
		D4A426BF19881E9C00E7C435 /* CommonTimeSignatures.plist */ = {isa = PBXFileReference; fileEncoding = 4; lastKnownFileType = text.plist.xml; path = CommonTimeSignatures.plist; sourceTree = "<group>"; };
		D4ADD32E196EE3E40040DFF3 /* LED.swift */ = {isa = PBXFileReference; fileEncoding = 4; lastKnownFileType = sourcecode.swift; path = LED.swift; sourceTree = "<group>"; };
		D4AE76D11986901500E513E9 /* QuickSettingsControlsView.xib */ = {isa = PBXFileReference; fileEncoding = 4; lastKnownFileType = file.xib; path = QuickSettingsControlsView.xib; sourceTree = "<group>"; };
		D4D586BC196B422400B9CC8F /* SettingsViewController.swift */ = {isa = PBXFileReference; fileEncoding = 4; lastKnownFileType = sourcecode.swift; path = SettingsViewController.swift; sourceTree = "<group>"; };
		D4EBBAE51986D45E00050FBC /* ShardControl.swift */ = {isa = PBXFileReference; fileEncoding = 4; lastKnownFileType = sourcecode.swift; name = ShardControl.swift; path = Classes/ShardControl.swift; sourceTree = SOURCE_ROOT; };
		D4EBBAE61986D45E00050FBC /* ShardLayer.swift */ = {isa = PBXFileReference; fileEncoding = 4; lastKnownFileType = sourcecode.swift; name = ShardLayer.swift; path = Classes/ShardLayer.swift; sourceTree = SOURCE_ROOT; };
		D4F42E20196C370600BB847F /* AppDelegate.swift */ = {isa = PBXFileReference; fileEncoding = 4; lastKnownFileType = sourcecode.swift; path = AppDelegate.swift; sourceTree = "<group>"; };
		D4F42E22196C414200BB847F /* MetronomeViewController.swift */ = {isa = PBXFileReference; fileEncoding = 4; lastKnownFileType = sourcecode.swift; path = MetronomeViewController.swift; sourceTree = "<group>"; };
		D4F42E24196C423800BB847F /* DeltaTracker.swift */ = {isa = PBXFileReference; fileEncoding = 4; lastKnownFileType = sourcecode.swift; path = DeltaTracker.swift; sourceTree = "<group>"; };
		D4F42E28196C838B00BB847F /* Timer.swift */ = {isa = PBXFileReference; fileEncoding = 4; lastKnownFileType = sourcecode.swift; path = Timer.swift; sourceTree = "<group>"; };
/* End PBXFileReference section */

/* Begin PBXFrameworksBuildPhase section */
		01B544F9179828B300A4F4E0 /* Frameworks */ = {
			isa = PBXFrameworksBuildPhase;
			buildActionMask = 2147483647;
			files = (
				D46DB90319844F7100A5820B /* MetronomeControl.framework in Frameworks */,
			);
			runOnlyForDeploymentPostprocessing = 0;
		};
		D46DB8EA19844F7100A5820B /* Frameworks */ = {
			isa = PBXFrameworksBuildPhase;
			buildActionMask = 2147483647;
			files = (
			);
			runOnlyForDeploymentPostprocessing = 0;
		};
/* End PBXFrameworksBuildPhase section */

/* Begin PBXGroup section */
		0167864617A439C100F71527 /* Sounds */ = {
			isa = PBXGroup;
			children = (
				D439822519A4FEBA007DFE42 /* accent.wav */,
				D439822619A4FEBA007DFE42 /* beat.wav */,
				D439822719A4FEBA007DFE42 /* digitalAccent.wav */,
				D439822819A4FEBA007DFE42 /* digitalBeat.wav */,
				D439822919A4FEBA007DFE42 /* digitalDivision.wav */,
				D439822A19A4FEBA007DFE42 /* digitalSubdivision.wav */,
				D439822B19A4FEBA007DFE42 /* digitalTriplet.wav */,
				D439822C19A4FEBA007DFE42 /* division.wav */,
				D439822D19A4FEBA007DFE42 /* subdivision.wav */,
				D439822E19A4FEBA007DFE42 /* triplet.wav */,
			);
			name = Sounds;
			sourceTree = "<group>";
		};
		01B544F3179828B300A4F4E0 = {
			isa = PBXGroup;
			children = (
				D4644DD6197E248E00B9FF15 /* Shard Control */,
				D46DB8EF19844F7100A5820B /* MetronomeControl */,
				01B54508179828B300A4F4E0 /* Supporting Files */,
				01B54507179828B300A4F4E0 /* iOS */,
				01B544FD179828B300A4F4E0 /* Products */,
			);
			sourceTree = "<group>";
		};
		01B544FD179828B300A4F4E0 /* Products */ = {
			isa = PBXGroup;
			children = (
				01B544FC179828B300A4F4E0 /* Pulsar.app */,
				D46DB8EE19844F7100A5820B /* MetronomeControl.framework */,
			);
			name = Products;
			sourceTree = "<group>";
		};
		01B54507179828B300A4F4E0 /* iOS */ = {
			isa = PBXGroup;
			children = (
				D45EDCB81A55D83B004B7FD4 /* Launch Screen.xib */,
				D4F42E20196C370600BB847F /* AppDelegate.swift */,
				01B54513179828B300A4F4E0 /* iPhone.storyboard */,
				D48158CE1A5494B20040AD08 /* Views */,
				D48158CD1A5494AA0040AD08 /* View Controllers */,
				D4B8667E19721670000535F6 /* Helpers */,
			);
			name = iOS;
			path = Classes;
			sourceTree = "<group>";
		};
		01B54508179828B300A4F4E0 /* Supporting Files */ = {
			isa = PBXGroup;
			children = (
				D4A426BF19881E9C00E7C435 /* CommonTimeSignatures.plist */,
				01B54522179828B300A4F4E0 /* Images.xcassets */,
				01B5450A179828B300A4F4E0 /* InfoPlist.strings */,
				01B54509179828B300A4F4E0 /* Pulsar-Info.plist */,
				014E89D717C3178300B17C47 /* Settings.bundle */,
				0167864617A439C100F71527 /* Sounds */,
			);
			name = "Supporting Files";
			path = Classes;
			sourceTree = "<group>";
		};
		D4644DD6197E248E00B9FF15 /* Shard Control */ = {
			isa = PBXGroup;
			children = (
				D4EBBAE51986D45E00050FBC /* ShardControl.swift */,
				D4EBBAE61986D45E00050FBC /* ShardLayer.swift */,
			);
			name = "Shard Control";
			path = MetronomeControlKit;
			sourceTree = "<group>";
		};
		D46DB8EF19844F7100A5820B /* MetronomeControl */ = {
			isa = PBXGroup;
			children = (
				D44D7BC6196D95EE006DE741 /* MetronomeControl.swift */,
				D44D7B9F196D9034006DE741 /* SlideStepper.swift */,
				D46DB8F219844F7100A5820B /* MetronomeControl.h */,
				D46DB8F019844F7100A5820B /* Supporting Files */,
			);
			path = MetronomeControl;
			sourceTree = "<group>";
		};
		D46DB8F019844F7100A5820B /* Supporting Files */ = {
			isa = PBXGroup;
			children = (
				D46DB8F119844F7100A5820B /* Info.plist */,
			);
			name = "Supporting Files";
			sourceTree = "<group>";
		};
		D48158CD1A5494AA0040AD08 /* View Controllers */ = {
			isa = PBXGroup;
			children = (
				D457545D19859B9B00967641 /* QuickSettingsViewController.swift */,
				D4D586BC196B422400B9CC8F /* SettingsViewController.swift */,
				D4F42E22196C414200BB847F /* MetronomeViewController.swift */,
			);
			name = "View Controllers";
			sourceTree = "<group>";
		};
		D48158CE1A5494B20040AD08 /* Views */ = {
			isa = PBXGroup;
			children = (
				D4AE76D11986901500E513E9 /* QuickSettingsControlsView.xib */,
				D4A0618F19869CB400ADCCC5 /* ControlsView.swift */,
				D45740A019A3D45D00CB1C70 /* MetronomeView.swift */,
				D49B39141986A4DE001D7919 /* ToggleButton.swift */,
			);
			name = Views;
			sourceTree = "<group>";
		};
		D4B8667E19721670000535F6 /* Helpers */ = {
			isa = PBXGroup;
			children = (
				D4F42E28196C838B00BB847F /* Timer.swift */,
				D4F42E24196C423800BB847F /* DeltaTracker.swift */,
				D4ADD32E196EE3E40040DFF3 /* LED.swift */,
				D463FCF91968DBE200606FFD /* SoundPlayer.swift */,
			);
			name = Helpers;
			sourceTree = "<group>";
		};
/* End PBXGroup section */

/* Begin PBXHeadersBuildPhase section */
		D46DB8EB19844F7100A5820B /* Headers */ = {
			isa = PBXHeadersBuildPhase;
			buildActionMask = 2147483647;
			files = (
				D46DB8F319844F7100A5820B /* MetronomeControl.h in Headers */,
			);
			runOnlyForDeploymentPostprocessing = 0;
		};
/* End PBXHeadersBuildPhase section */

/* Begin PBXNativeTarget section */
		01B544FB179828B300A4F4E0 /* Pulsar */ = {
			isa = PBXNativeTarget;
			buildConfigurationList = 01B5453A179828B400A4F4E0 /* Build configuration list for PBXNativeTarget "Pulsar" */;
			buildPhases = (
				0192E30617A1A9E100DE45EC /* Bump Build Number */,
				01B544F8179828B300A4F4E0 /* Sources */,
				01B544F9179828B300A4F4E0 /* Frameworks */,
				01B544FA179828B300A4F4E0 /* Resources */,
				D44D7BC2196D9589006DE741 /* Embed Frameworks */,
			);
			buildRules = (
			);
			dependencies = (
				D46DB90219844F7100A5820B /* PBXTargetDependency */,
				D46DB90619844F7100A5820B /* PBXTargetDependency */,
			);
			name = Pulsar;
			productName = Ticker;
			productReference = 01B544FC179828B300A4F4E0 /* Pulsar.app */;
			productType = "com.apple.product-type.application";
		};
		D46DB8ED19844F7100A5820B /* MetronomeControl */ = {
			isa = PBXNativeTarget;
			buildConfigurationList = D46DB90B19844F7100A5820B /* Build configuration list for PBXNativeTarget "MetronomeControl" */;
			buildPhases = (
				D46DB8E919844F7100A5820B /* Sources */,
				D46DB8EA19844F7100A5820B /* Frameworks */,
				D46DB8EB19844F7100A5820B /* Headers */,
				D46DB8EC19844F7100A5820B /* Resources */,
			);
			buildRules = (
			);
			dependencies = (
			);
			name = MetronomeControl;
			productName = MetronomeControl;
			productReference = D46DB8EE19844F7100A5820B /* MetronomeControl.framework */;
			productType = "com.apple.product-type.framework";
		};
/* End PBXNativeTarget section */

/* Begin PBXProject section */
		01B544F4179828B300A4F4E0 /* Project object */ = {
			isa = PBXProject;
			attributes = {
				LastUpgradeCheck = 0500;
				ORGANIZATIONNAME = "Nick Walker";
				TargetAttributes = {
					01B544FB179828B300A4F4E0 = {
						DevelopmentTeam = 2627WG76ES;
					};
					D46DB8ED19844F7100A5820B = {
						CreatedOnToolsVersion = 6.0;
						DevelopmentTeam = 2627WG76ES;
					};
				};
			};
			buildConfigurationList = 01B544F7179828B300A4F4E0 /* Build configuration list for PBXProject "Pulsar" */;
			compatibilityVersion = "Xcode 3.2";
			developmentRegion = English;
			hasScannedForEncodings = 0;
			knownRegions = (
				en,
				Base,
			);
			mainGroup = 01B544F3179828B300A4F4E0;
			productRefGroup = 01B544FD179828B300A4F4E0 /* Products */;
			projectDirPath = "";
			projectRoot = "";
			targets = (
				01B544FB179828B300A4F4E0 /* Pulsar */,
				D46DB8ED19844F7100A5820B /* MetronomeControl */,
			);
		};
/* End PBXProject section */

/* Begin PBXResourcesBuildPhase section */
		01B544FA179828B300A4F4E0 /* Resources */ = {
			isa = PBXResourcesBuildPhase;
			buildActionMask = 2147483647;
			files = (
				D439823719A4FEBA007DFE42 /* subdivision.wav in Resources */,
				D439823519A4FEBA007DFE42 /* digitalTriplet.wav in Resources */,
				014C3C241932A87D0095AB67 /* iPhone.storyboard in Resources */,
				D439823819A4FEBA007DFE42 /* triplet.wav in Resources */,
				D439823619A4FEBA007DFE42 /* division.wav in Resources */,
				D439823119A4FEBA007DFE42 /* digitalAccent.wav in Resources */,
				D439823319A4FEBA007DFE42 /* digitalDivision.wav in Resources */,
				D4AE76D21986901500E513E9 /* QuickSettingsControlsView.xib in Resources */,
				D439823419A4FEBA007DFE42 /* digitalSubdivision.wav in Resources */,
				D439822F19A4FEBA007DFE42 /* accent.wav in Resources */,
				D439823219A4FEBA007DFE42 /* digitalBeat.wav in Resources */,
				D439823019A4FEBA007DFE42 /* beat.wav in Resources */,
				D45EDCB91A55D83B004B7FD4 /* Launch Screen.xib in Resources */,
				014E89D817C3178300B17C47 /* Settings.bundle in Resources */,
				01B54523179828B300A4F4E0 /* Images.xcassets in Resources */,
			);
			runOnlyForDeploymentPostprocessing = 0;
		};
		D46DB8EC19844F7100A5820B /* Resources */ = {
			isa = PBXResourcesBuildPhase;
			buildActionMask = 2147483647;
			files = (
				D4A426C019881E9C00E7C435 /* CommonTimeSignatures.plist in Resources */,
			);
			runOnlyForDeploymentPostprocessing = 0;
		};
/* End PBXResourcesBuildPhase section */

/* Begin PBXShellScriptBuildPhase section */
		0192E30617A1A9E100DE45EC /* Bump Build Number */ = {
			isa = PBXShellScriptBuildPhase;
			buildActionMask = 2147483647;
			files = (
			);
			inputPaths = (
			);
			name = "Bump Build Number";
			outputPaths = (
			);
			runOnlyForDeploymentPostprocessing = 0;
			shellPath = /bin/sh;
			shellScript = "${PROJECT_DIR}/Tools/bump_build_number.sh \"${PROJECT_DIR}/${INFOPLIST_FILE}\"";
		};
/* End PBXShellScriptBuildPhase section */

/* Begin PBXSourcesBuildPhase section */
		01B544F8179828B300A4F4E0 /* Sources */ = {
			isa = PBXSourcesBuildPhase;
			buildActionMask = 2147483647;
			files = (
				D4ADD330196EF80A0040DFF3 /* AppDelegate.swift in Sources */,
				D45740A119A3D45D00CB1C70 /* MetronomeView.swift in Sources */,
				D4EBBAE81986D45E00050FBC /* ShardLayer.swift in Sources */,
				D4ADD331196EF80A0040DFF3 /* DeltaTracker.swift in Sources */,
				D4ADD332196EF80A0040DFF3 /* Timer.swift in Sources */,
				D457545E19859B9B00967641 /* QuickSettingsViewController.swift in Sources */,
				D4ADD333196EF80A0040DFF3 /* SoundPlayer.swift in Sources */,
				D49B39151986A4DE001D7919 /* ToggleButton.swift in Sources */,
				D4EBBAE71986D45E00050FBC /* ShardControl.swift in Sources */,
				D45EDCB71A54D4DC004B7FD4 /* ControlsView.swift in Sources */,
				D4ADD334196EF80A0040DFF3 /* LED.swift in Sources */,
				D4ADD335196EF80A0040DFF3 /* MetronomeViewController.swift in Sources */,
				D4ADD336196EF80A0040DFF3 /* SettingsViewController.swift in Sources */,
			);
			runOnlyForDeploymentPostprocessing = 0;
		};
		D46DB8E919844F7100A5820B /* Sources */ = {
			isa = PBXSourcesBuildPhase;
			buildActionMask = 2147483647;
			files = (
				D4389AE41986D3B600F064CA /* SlideStepper.swift in Sources */,
				D4389AE31986D3AE00F064CA /* MetronomeControl.swift in Sources */,
			);
			runOnlyForDeploymentPostprocessing = 0;
		};
/* End PBXSourcesBuildPhase section */

/* Begin PBXTargetDependency section */
		D46DB90219844F7100A5820B /* PBXTargetDependency */ = {
			isa = PBXTargetDependency;
			target = D46DB8ED19844F7100A5820B /* MetronomeControl */;
			targetProxy = D46DB90119844F7100A5820B /* PBXContainerItemProxy */;
		};
		D46DB90619844F7100A5820B /* PBXTargetDependency */ = {
			isa = PBXTargetDependency;
			target = D46DB8ED19844F7100A5820B /* MetronomeControl */;
			targetProxy = D46DB90519844F7100A5820B /* PBXContainerItemProxy */;
		};
/* End PBXTargetDependency section */

/* Begin PBXVariantGroup section */
		01B5450A179828B300A4F4E0 /* InfoPlist.strings */ = {
			isa = PBXVariantGroup;
			children = (
				01B5450B179828B300A4F4E0 /* en */,
			);
			name = InfoPlist.strings;
			sourceTree = "<group>";
		};
		01B54513179828B300A4F4E0 /* iPhone.storyboard */ = {
			isa = PBXVariantGroup;
			children = (
				01B54514179828B300A4F4E0 /* Base */,
			);
			name = iPhone.storyboard;
			sourceTree = "<group>";
		};
/* End PBXVariantGroup section */

/* Begin XCBuildConfiguration section */
		01B54538179828B400A4F4E0 /* Debug */ = {
			isa = XCBuildConfiguration;
			buildSettings = {
				ALWAYS_SEARCH_USER_PATHS = NO;
				CLANG_CXX_LANGUAGE_STANDARD = "gnu++0x";
				CLANG_CXX_LIBRARY = "libc++";
				CLANG_ENABLE_MODULES = YES;
				CLANG_ENABLE_OBJC_ARC = YES;
				CLANG_WARN_BOOL_CONVERSION = YES;
				CLANG_WARN_CONSTANT_CONVERSION = YES;
				CLANG_WARN_DIRECT_OBJC_ISA_USAGE = YES_ERROR;
				CLANG_WARN_EMPTY_BODY = YES;
				CLANG_WARN_ENUM_CONVERSION = YES;
				CLANG_WARN_INT_CONVERSION = YES;
				CLANG_WARN_OBJC_ROOT_CLASS = YES_ERROR;
				CLANG_WARN__DUPLICATE_METHOD_MATCH = YES;
				"CODE_SIGN_IDENTITY[sdk=iphoneos*]" = "iPhone Developer";
				COPY_PHASE_STRIP = NO;
				GCC_C_LANGUAGE_STANDARD = gnu99;
				GCC_DYNAMIC_NO_PIC = NO;
				GCC_OPTIMIZATION_LEVEL = 0;
				GCC_PREPROCESSOR_DEFINITIONS = (
					"DEBUG=1",
					"$(inherited)",
				);
				GCC_SYMBOLS_PRIVATE_EXTERN = NO;
				GCC_WARN_ABOUT_RETURN_TYPE = YES_ERROR;
				GCC_WARN_UNDECLARED_SELECTOR = YES;
				GCC_WARN_UNINITIALIZED_AUTOS = YES;
				GCC_WARN_UNUSED_FUNCTION = YES;
				GCC_WARN_UNUSED_VARIABLE = YES;
				IPHONEOS_DEPLOYMENT_TARGET = 8.0;
				ONLY_ACTIVE_ARCH = YES;
				SDKROOT = iphoneos;
				TARGETED_DEVICE_FAMILY = "1,2";
			};
			name = Debug;
		};
		01B54539179828B400A4F4E0 /* Release */ = {
			isa = XCBuildConfiguration;
			buildSettings = {
				ALWAYS_SEARCH_USER_PATHS = NO;
				CLANG_CXX_LANGUAGE_STANDARD = "gnu++0x";
				CLANG_CXX_LIBRARY = "libc++";
				CLANG_ENABLE_MODULES = YES;
				CLANG_ENABLE_OBJC_ARC = YES;
				CLANG_WARN_BOOL_CONVERSION = YES;
				CLANG_WARN_CONSTANT_CONVERSION = YES;
				CLANG_WARN_DIRECT_OBJC_ISA_USAGE = YES_ERROR;
				CLANG_WARN_EMPTY_BODY = YES;
				CLANG_WARN_ENUM_CONVERSION = YES;
				CLANG_WARN_INT_CONVERSION = YES;
				CLANG_WARN_OBJC_ROOT_CLASS = YES_ERROR;
				CLANG_WARN__DUPLICATE_METHOD_MATCH = YES;
				"CODE_SIGN_IDENTITY[sdk=iphoneos*]" = "iPhone Developer";
				COPY_PHASE_STRIP = YES;
				ENABLE_NS_ASSERTIONS = NO;
				GCC_C_LANGUAGE_STANDARD = gnu99;
				GCC_WARN_ABOUT_RETURN_TYPE = YES_ERROR;
				GCC_WARN_UNDECLARED_SELECTOR = YES;
				GCC_WARN_UNINITIALIZED_AUTOS = YES;
				GCC_WARN_UNUSED_FUNCTION = YES;
				GCC_WARN_UNUSED_VARIABLE = YES;
				IPHONEOS_DEPLOYMENT_TARGET = 8.0;
				SDKROOT = iphoneos;
				TARGETED_DEVICE_FAMILY = "1,2";
				VALIDATE_PRODUCT = YES;
			};
			name = Release;
		};
		01B5453B179828B400A4F4E0 /* Debug */ = {
			isa = XCBuildConfiguration;
			buildSettings = {
				ALWAYS_SEARCH_USER_PATHS = YES;
				ASSETCATALOG_COMPILER_APPICON_NAME = AppIcon;
				ASSETCATALOG_COMPILER_LAUNCHIMAGE_NAME = LaunchImage;
				CLANG_ENABLE_MODULES = YES;
				CLANG_MODULES_AUTOLINK = YES;
				"CODE_SIGN_ENTITLEMENTS[sdk=iphoneos7.0]" = "";
				CODE_SIGN_IDENTITY = "iPhone Developer";
				"CODE_SIGN_IDENTITY[sdk=iphoneos*]" = "iPhone Developer";
				"CODE_SIGN_IDENTITY[sdk=iphoneos7.0]" = "iPhone Developer: Nick Walker (77YL974MZ8)";
				GCC_PRECOMPILE_PREFIX_HEADER = YES;
				GCC_PREFIX_HEADER = "Classes/Pulsar-Prefix.pch";
				HEADER_SEARCH_PATHS = "$(BUILT_PRODUCTS_DIR)/**";
				INFOPLIST_FILE = "Classes/Pulsar-Info.plist";
				IPHONEOS_DEPLOYMENT_TARGET = 8.0;
				LD_RUNPATH_SEARCH_PATHS = "$(inherited) @executable_path/Frameworks";
				LIBRARY_SEARCH_PATHS = "$(PROJECT_DIR)/Classes/Support/Analytics";
				ONLY_ACTIVE_ARCH = YES;
				PRODUCT_NAME = Pulsar;
				PROVISIONING_PROFILE = "";
				SWIFT_OBJC_BRIDGING_HEADER = "";
				SWIFT_OPTIMIZATION_LEVEL = "-Onone";
				SYMROOT = "$(PROJECT_DIR)/build";
				TARGETED_DEVICE_FAMILY = 1;
				USER_HEADER_SEARCH_PATHS = "\"$(SRCROOT)/Classes/Support/finch/Finch\"/**";
				WRAPPER_EXTENSION = app;
			};
			name = Debug;
		};
		01B5453C179828B400A4F4E0 /* Release */ = {
			isa = XCBuildConfiguration;
			buildSettings = {
				ALWAYS_SEARCH_USER_PATHS = YES;
				ASSETCATALOG_COMPILER_APPICON_NAME = AppIcon;
				ASSETCATALOG_COMPILER_LAUNCHIMAGE_NAME = LaunchImage;
				CLANG_ENABLE_MODULES = YES;
				CLANG_MODULES_AUTOLINK = YES;
				"CODE_SIGN_ENTITLEMENTS[sdk=iphoneos7.0]" = "";
				CODE_SIGN_IDENTITY = "iPhone Developer";
				"CODE_SIGN_IDENTITY[sdk=iphoneos*]" = "iPhone Developer";
				"CODE_SIGN_IDENTITY[sdk=iphoneos7.0]" = "iPhone Developer: Nick Walker (77YL974MZ8)";
				GCC_PRECOMPILE_PREFIX_HEADER = YES;
				GCC_PREFIX_HEADER = "Classes/Pulsar-Prefix.pch";
				HEADER_SEARCH_PATHS = "$(BUILT_PRODUCTS_DIR)/**";
				"HEADER_SEARCH_PATHS[arch=*]" = "$(BUILT_PRODUCTS_DIR)/**";
				INFOPLIST_FILE = "Classes/Pulsar-Info.plist";
				IPHONEOS_DEPLOYMENT_TARGET = 8.0;
				LD_RUNPATH_SEARCH_PATHS = "$(inherited) @executable_path/Frameworks";
				LIBRARY_SEARCH_PATHS = "$(PROJECT_DIR)/Classes/Support/Analytics";
				ONLY_ACTIVE_ARCH = YES;
				PRODUCT_NAME = Pulsar;
				PROVISIONING_PROFILE = "";
				SWIFT_OBJC_BRIDGING_HEADER = "";
				SYMROOT = "$(PROJECT_DIR)/build";
				TARGETED_DEVICE_FAMILY = 1;
				USER_HEADER_SEARCH_PATHS = "";
				"USER_HEADER_SEARCH_PATHS[arch=*]" = "$(BUILT_PRODUCTS_DIR)";
				WRAPPER_EXTENSION = app;
			};
			name = Release;
		};
		D46DB90719844F7100A5820B /* Debug */ = {
			isa = XCBuildConfiguration;
			buildSettings = {
				CLANG_WARN_UNREACHABLE_CODE = YES;
				CODE_SIGN_IDENTITY = "iPhone Developer";
				"CODE_SIGN_IDENTITY[sdk=iphoneos*]" = "iPhone Developer";
				"CODE_SIGN_IDENTITY[sdk=iphoneos7.0]" = "iPhone Developer: Nick Walker (77YL974MZ8)";
				CURRENT_PROJECT_VERSION = 1;
				DEFINES_MODULE = YES;
				DYLIB_COMPATIBILITY_VERSION = 1;
				DYLIB_CURRENT_VERSION = 1;
				DYLIB_INSTALL_NAME_BASE = "@rpath";
				ENABLE_STRICT_OBJC_MSGSEND = YES;
				GCC_PREPROCESSOR_DEFINITIONS = (
					"DEBUG=1",
					"$(inherited)",
				);
				GCC_WARN_64_TO_32_BIT_CONVERSION = YES;
				GCC_WARN_UNINITIALIZED_AUTOS = YES_AGGRESSIVE;
				INFOPLIST_FILE = MetronomeControl/Info.plist;
				INSTALL_PATH = "$(LOCAL_LIBRARY_DIR)/Frameworks";
				LD_RUNPATH_SEARCH_PATHS = "$(inherited) @executable_path/Frameworks @loader_path/Frameworks";
				MTL_ENABLE_DEBUG_INFO = YES;
				PRODUCT_NAME = "$(TARGET_NAME)";
				SKIP_INSTALL = YES;
				SWIFT_OPTIMIZATION_LEVEL = "-Onone";
				VERSIONING_SYSTEM = "apple-generic";
				VERSION_INFO_PREFIX = "";
			};
			name = Debug;
		};
		D46DB90819844F7100A5820B /* Release */ = {
			isa = XCBuildConfiguration;
			buildSettings = {
				CLANG_WARN_UNREACHABLE_CODE = YES;
				CODE_SIGN_IDENTITY = "iPhone Developer";
				"CODE_SIGN_IDENTITY[sdk=iphoneos*]" = "iPhone Developer";
				"CODE_SIGN_IDENTITY[sdk=iphoneos7.0]" = "iPhone Developer: Nick Walker (77YL974MZ8)";
				CURRENT_PROJECT_VERSION = 1;
				DEFINES_MODULE = YES;
				DYLIB_COMPATIBILITY_VERSION = 1;
				DYLIB_CURRENT_VERSION = 1;
				DYLIB_INSTALL_NAME_BASE = "@rpath";
				ENABLE_STRICT_OBJC_MSGSEND = YES;
				GCC_WARN_64_TO_32_BIT_CONVERSION = YES;
				GCC_WARN_UNINITIALIZED_AUTOS = YES_AGGRESSIVE;
				INFOPLIST_FILE = MetronomeControl/Info.plist;
				INSTALL_PATH = "$(LOCAL_LIBRARY_DIR)/Frameworks";
				LD_RUNPATH_SEARCH_PATHS = "$(inherited) @executable_path/Frameworks @loader_path/Frameworks";
				MTL_ENABLE_DEBUG_INFO = NO;
				PRODUCT_NAME = "$(TARGET_NAME)";
				SKIP_INSTALL = YES;
				VERSIONING_SYSTEM = "apple-generic";
				VERSION_INFO_PREFIX = "";
			};
			name = Release;
		};
/* End XCBuildConfiguration section */

/* Begin XCConfigurationList section */
		01B544F7179828B300A4F4E0 /* Build configuration list for PBXProject "Pulsar" */ = {
			isa = XCConfigurationList;
			buildConfigurations = (
				01B54538179828B400A4F4E0 /* Debug */,
				01B54539179828B400A4F4E0 /* Release */,
			);
			defaultConfigurationIsVisible = 0;
			defaultConfigurationName = Release;
		};
		01B5453A179828B400A4F4E0 /* Build configuration list for PBXNativeTarget "Pulsar" */ = {
			isa = XCConfigurationList;
			buildConfigurations = (
				01B5453B179828B400A4F4E0 /* Debug */,
				01B5453C179828B400A4F4E0 /* Release */,
			);
			defaultConfigurationIsVisible = 0;
			defaultConfigurationName = Release;
		};
		D46DB90B19844F7100A5820B /* Build configuration list for PBXNativeTarget "MetronomeControl" */ = {
			isa = XCConfigurationList;
			buildConfigurations = (
				D46DB90719844F7100A5820B /* Debug */,
				D46DB90819844F7100A5820B /* Release */,
			);
			defaultConfigurationIsVisible = 0;
			defaultConfigurationName = Release;
		};
/* End XCConfigurationList section */
	};
	rootObject = 01B544F4179828B300A4F4E0 /* Project object */;
}
